
Microsoft Visual Studio Solution File, Format Version 12.00
Project("{FAE04EC0-301F-11D3-BF4B-00C04F79EFBC}") = "BookStore", "BookStore\BookStore.csproj", "{220C7C25-3B11-4B49-855D-B40B9C5DFC1F}"
EndProject
Global
	GlobalSection(SolutionConfigurationPlatforms) = preSolution
		Debug|Any CPU = Debug|Any CPU
		Release|Any CPU = Release|Any CPU
	EndGlobalSection
	GlobalSection(ProjectConfigurationPlatforms) = postSolution
		{220C7C25-3B11-4B49-855D-B40B9C5DFC1F}.Debug|Any CPU.ActiveCfg = Debug|Any CPU
		{220C7C25-3B11-4B49-855D-B40B9C5DFC1F}.Debug|Any CPU.Build.0 = Debug|Any CPU
		{220C7C25-3B11-4B49-855D-B40B9C5DFC1F}.Release|Any CPU.ActiveCfg = Release|Any CPU
		{220C7C25-3B11-4B49-855D-B40B9C5DFC1F}.Release|Any CPU.Build.0 = Release|Any CPU
	EndGlobalSection
EndGlobal
